{
    "name": "@accessibility-insights-action/shared",
    "version": "1.0.0",
    "lockfileVersion": 1,
    "requires": true,
    "dependencies": {
        "@types/node": {
            "version": "17.0.14",
            "resolved": "https://registry.npmjs.org/@types/node/-/node-17.0.14.tgz",
            "integrity": "sha512-SbjLmERksKOGzWzPNuW7fJM7fk3YXVTFiZWB/Hs99gwhk+/dnrQRPBQjPW9aO+fi1tAffi9PrwFvsmOKmDTyng==",
            "dev": true
        }
    }
}
